// !$*UTF8*$!
{
	archiveVersion = 1;
	classes = {
	};
	objectVersion = 56;
	objects = {

/* Begin PBXBuildFile section */
		5055C63B2A7281C30018D1DC /* AlamofireImage in Frameworks */ = {isa = PBXBuildFile; productRef = 5055C63A2A7281C30018D1DC /* AlamofireImage */; };
		5055C63E2A7282220018D1DC /* CryptoSwift in Frameworks */ = {isa = PBXBuildFile; productRef = 5055C63D2A7282220018D1DC /* CryptoSwift */; };
		5055C6512A7286430018D1DC /* MarvelCharacter.swift in Sources */ = {isa = PBXBuildFile; fileRef = 5055C6502A7286430018D1DC /* MarvelCharacter.swift */; };
		5055C6532A7286740018D1DC /* MarvelComic.swift in Sources */ = {isa = PBXBuildFile; fileRef = 5055C6522A7286740018D1DC /* MarvelComic.swift */; };
		5055C6552A7287DF0018D1DC /* MarvelAPIResponse.swift in Sources */ = {isa = PBXBuildFile; fileRef = 5055C6542A7287DF0018D1DC /* MarvelAPIResponse.swift */; };
		5055C6572A7288FE0018D1DC /* MarvelAPIConstants.swift in Sources */ = {isa = PBXBuildFile; fileRef = 5055C6562A7288FE0018D1DC /* MarvelAPIConstants.swift */; };
		5055C65A2A728BA30018D1DC /* MarvelCharacter+API.swift in Sources */ = {isa = PBXBuildFile; fileRef = 5055C6592A728BA30018D1DC /* MarvelCharacter+API.swift */; };
		5055C65C2A728BDA0018D1DC /* MarvelComic+API.swift in Sources */ = {isa = PBXBuildFile; fileRef = 5055C65B2A728BDA0018D1DC /* MarvelComic+API.swift */; };
		5055C65E2A7294420018D1DC /* MarvelAPIService.swift in Sources */ = {isa = PBXBuildFile; fileRef = 5055C65D2A7294420018D1DC /* MarvelAPIService.swift */; };
		5055C6602A72ABEE0018D1DC /* CharacterListViewModel.swift in Sources */ = {isa = PBXBuildFile; fileRef = 5055C65F2A72ABEE0018D1DC /* CharacterListViewModel.swift */; };
		5055C6652A72B73B0018D1DC /* CharacterListViewController.swift in Sources */ = {isa = PBXBuildFile; fileRef = 5055C6642A72B73B0018D1DC /* CharacterListViewController.swift */; };
		5055C6682A72BD1F0018D1DC /* CenteredTextFieldCell.swift in Sources */ = {isa = PBXBuildFile; fileRef = 5055C6672A72BD1F0018D1DC /* CenteredTextFieldCell.swift */; };
		5055C66A2A733CDA0018D1DC /* MarvelBlockingProgressView.swift in Sources */ = {isa = PBXBuildFile; fileRef = 5055C6692A733CDA0018D1DC /* MarvelBlockingProgressView.swift */; };
		5055C66D2A73C8370018D1DC /* CharacterDetailViewController.swift in Sources */ = {isa = PBXBuildFile; fileRef = 5055C66C2A73C8370018D1DC /* CharacterDetailViewController.swift */; };
		5055C66F2A73C8D10018D1DC /* MarvelComicView.swift in Sources */ = {isa = PBXBuildFile; fileRef = 5055C66E2A73C8D10018D1DC /* MarvelComicView.swift */; };
		5055C6712A73D5020018D1DC /* ComicListViewModel.swift in Sources */ = {isa = PBXBuildFile; fileRef = 5055C6702A73D5020018D1DC /* ComicListViewModel.swift */; };
		5055C6732A73E11E0018D1DC /* ViewModel.swift in Sources */ = {isa = PBXBuildFile; fileRef = 5055C6722A73E11E0018D1DC /* ViewModel.swift */; };
		5055C6752A73EB4B0018D1DC /* String+Marvel.swift in Sources */ = {isa = PBXBuildFile; fileRef = 5055C6742A73EB4B0018D1DC /* String+Marvel.swift */; };
		505C061C2A721D30007B229E /* AppDelegate.swift in Sources */ = {isa = PBXBuildFile; fileRef = 505C061B2A721D30007B229E /* AppDelegate.swift */; };
		505C06202A721D32007B229E /* Assets.xcassets in Resources */ = {isa = PBXBuildFile; fileRef = 505C061F2A721D32007B229E /* Assets.xcassets */; };
		505C06232A721D32007B229E /* Main.storyboard in Resources */ = {isa = PBXBuildFile; fileRef = 505C06212A721D32007B229E /* Main.storyboard */; };
		505C062E2A721D32007B229E /* MarvelComicHeroesTests.swift in Sources */ = {isa = PBXBuildFile; fileRef = 505C062D2A721D32007B229E /* MarvelComicHeroesTests.swift */; };
		505C06382A721D32007B229E /* MarvelComicHeroesUITests.swift in Sources */ = {isa = PBXBuildFile; fileRef = 505C06372A721D32007B229E /* MarvelComicHeroesUITests.swift */; };
		505C063A2A721D32007B229E /* MarvelComicHeroesUITestsLaunchTests.swift in Sources */ = {isa = PBXBuildFile; fileRef = 505C06392A721D32007B229E /* MarvelComicHeroesUITestsLaunchTests.swift */; };
/* End PBXBuildFile section */

/* Begin PBXContainerItemProxy section */
		505C062A2A721D32007B229E /* PBXContainerItemProxy */ = {
			isa = PBXContainerItemProxy;
			containerPortal = 505C06102A721D30007B229E /* Project object */;
			proxyType = 1;
			remoteGlobalIDString = 505C06172A721D30007B229E;
			remoteInfo = MarvelComicHeroes;
		};
		505C06342A721D32007B229E /* PBXContainerItemProxy */ = {
			isa = PBXContainerItemProxy;
			containerPortal = 505C06102A721D30007B229E /* Project object */;
			proxyType = 1;
			remoteGlobalIDString = 505C06172A721D30007B229E;
			remoteInfo = MarvelComicHeroes;
		};
/* End PBXContainerItemProxy section */

/* Begin PBXFileReference section */
		5055C6502A7286430018D1DC /* MarvelCharacter.swift */ = {isa = PBXFileReference; lastKnownFileType = sourcecode.swift; path = MarvelCharacter.swift; sourceTree = "<group>"; };
		5055C6522A7286740018D1DC /* MarvelComic.swift */ = {isa = PBXFileReference; lastKnownFileType = sourcecode.swift; path = MarvelComic.swift; sourceTree = "<group>"; };
		5055C6542A7287DF0018D1DC /* MarvelAPIResponse.swift */ = {isa = PBXFileReference; lastKnownFileType = sourcecode.swift; path = MarvelAPIResponse.swift; sourceTree = "<group>"; };
		5055C6562A7288FE0018D1DC /* MarvelAPIConstants.swift */ = {isa = PBXFileReference; lastKnownFileType = sourcecode.swift; path = MarvelAPIConstants.swift; sourceTree = "<group>"; };
		5055C6592A728BA30018D1DC /* MarvelCharacter+API.swift */ = {isa = PBXFileReference; lastKnownFileType = sourcecode.swift; path = "MarvelCharacter+API.swift"; sourceTree = "<group>"; };
		5055C65B2A728BDA0018D1DC /* MarvelComic+API.swift */ = {isa = PBXFileReference; lastKnownFileType = sourcecode.swift; path = "MarvelComic+API.swift"; sourceTree = "<group>"; };
		5055C65D2A7294420018D1DC /* MarvelAPIService.swift */ = {isa = PBXFileReference; lastKnownFileType = sourcecode.swift; path = MarvelAPIService.swift; sourceTree = "<group>"; };
		5055C65F2A72ABEE0018D1DC /* CharacterListViewModel.swift */ = {isa = PBXFileReference; lastKnownFileType = sourcecode.swift; path = CharacterListViewModel.swift; sourceTree = "<group>"; };
		5055C6642A72B73B0018D1DC /* CharacterListViewController.swift */ = {isa = PBXFileReference; lastKnownFileType = sourcecode.swift; path = CharacterListViewController.swift; sourceTree = "<group>"; };
		5055C6672A72BD1F0018D1DC /* CenteredTextFieldCell.swift */ = {isa = PBXFileReference; lastKnownFileType = sourcecode.swift; path = CenteredTextFieldCell.swift; sourceTree = "<group>"; };
		5055C6692A733CDA0018D1DC /* MarvelBlockingProgressView.swift */ = {isa = PBXFileReference; lastKnownFileType = sourcecode.swift; path = MarvelBlockingProgressView.swift; sourceTree = "<group>"; };
		5055C66B2A735E2A0018D1DC /* MavelCharacters-Info.plist */ = {isa = PBXFileReference; lastKnownFileType = text.plist; path = "MavelCharacters-Info.plist"; sourceTree = "<group>"; };
		5055C66C2A73C8370018D1DC /* CharacterDetailViewController.swift */ = {isa = PBXFileReference; lastKnownFileType = sourcecode.swift; path = CharacterDetailViewController.swift; sourceTree = "<group>"; };
		5055C66E2A73C8D10018D1DC /* MarvelComicView.swift */ = {isa = PBXFileReference; lastKnownFileType = sourcecode.swift; path = MarvelComicView.swift; sourceTree = "<group>"; };
		5055C6702A73D5020018D1DC /* ComicListViewModel.swift */ = {isa = PBXFileReference; lastKnownFileType = sourcecode.swift; path = ComicListViewModel.swift; sourceTree = "<group>"; };
		5055C6722A73E11E0018D1DC /* ViewModel.swift */ = {isa = PBXFileReference; lastKnownFileType = sourcecode.swift; path = ViewModel.swift; sourceTree = "<group>"; };
		5055C6742A73EB4B0018D1DC /* String+Marvel.swift */ = {isa = PBXFileReference; lastKnownFileType = sourcecode.swift; path = "String+Marvel.swift"; sourceTree = "<group>"; };
		505C06182A721D30007B229E /* MavelCharacters.app */ = {isa = PBXFileReference; explicitFileType = wrapper.application; includeInIndex = 0; path = MavelCharacters.app; sourceTree = BUILT_PRODUCTS_DIR; };
		505C061B2A721D30007B229E /* AppDelegate.swift */ = {isa = PBXFileReference; lastKnownFileType = sourcecode.swift; path = AppDelegate.swift; sourceTree = "<group>"; };
		505C061F2A721D32007B229E /* Assets.xcassets */ = {isa = PBXFileReference; lastKnownFileType = folder.assetcatalog; path = Assets.xcassets; sourceTree = "<group>"; };
		505C06222A721D32007B229E /* Base */ = {isa = PBXFileReference; lastKnownFileType = file.storyboard; name = Base; path = Base.lproj/Main.storyboard; sourceTree = "<group>"; };
		505C06242A721D32007B229E /* MarvelComicHeroes.entitlements */ = {isa = PBXFileReference; lastKnownFileType = text.plist.entitlements; path = MarvelComicHeroes.entitlements; sourceTree = "<group>"; };
		505C06292A721D32007B229E /* MavelCharactersTests.xctest */ = {isa = PBXFileReference; explicitFileType = wrapper.cfbundle; includeInIndex = 0; path = MavelCharactersTests.xctest; sourceTree = BUILT_PRODUCTS_DIR; };
		505C062D2A721D32007B229E /* MarvelComicHeroesTests.swift */ = {isa = PBXFileReference; lastKnownFileType = sourcecode.swift; path = MarvelComicHeroesTests.swift; sourceTree = "<group>"; };
		505C06332A721D32007B229E /* MavelCharactersUITests.xctest */ = {isa = PBXFileReference; explicitFileType = wrapper.cfbundle; includeInIndex = 0; path = MavelCharactersUITests.xctest; sourceTree = BUILT_PRODUCTS_DIR; };
		505C06372A721D32007B229E /* MarvelComicHeroesUITests.swift */ = {isa = PBXFileReference; lastKnownFileType = sourcecode.swift; path = MarvelComicHeroesUITests.swift; sourceTree = "<group>"; };
		505C06392A721D32007B229E /* MarvelComicHeroesUITestsLaunchTests.swift */ = {isa = PBXFileReference; lastKnownFileType = sourcecode.swift; path = MarvelComicHeroesUITestsLaunchTests.swift; sourceTree = "<group>"; };
/* End PBXFileReference section */

/* Begin PBXFrameworksBuildPhase section */
		505C06152A721D30007B229E /* Frameworks */ = {
			isa = PBXFrameworksBuildPhase;
			buildActionMask = 2147483647;
			files = (
				5055C63B2A7281C30018D1DC /* AlamofireImage in Frameworks */,
				5055C63E2A7282220018D1DC /* CryptoSwift in Frameworks */,
			);
			runOnlyForDeploymentPostprocessing = 0;
		};
		505C06262A721D32007B229E /* Frameworks */ = {
			isa = PBXFrameworksBuildPhase;
			buildActionMask = 2147483647;
			files = (
			);
			runOnlyForDeploymentPostprocessing = 0;
		};
		505C06302A721D32007B229E /* Frameworks */ = {
			isa = PBXFrameworksBuildPhase;
			buildActionMask = 2147483647;
			files = (
			);
			runOnlyForDeploymentPostprocessing = 0;
		};
/* End PBXFrameworksBuildPhase section */

/* Begin PBXGroup section */
		5055C63F2A7284C70018D1DC /* MarvelViewModel */ = {
			isa = PBXGroup;
			children = (
				5055C65F2A72ABEE0018D1DC /* CharacterListViewModel.swift */,
				5055C6702A73D5020018D1DC /* ComicListViewModel.swift */,
				5055C6722A73E11E0018D1DC /* ViewModel.swift */,
			);
			path = MarvelViewModel;
			sourceTree = "<group>";
		};
		5055C6422A7285C70018D1DC /* MarvelAPI */ = {
			isa = PBXGroup;
			children = (
				5055C6542A7287DF0018D1DC /* MarvelAPIResponse.swift */,
				5055C6562A7288FE0018D1DC /* MarvelAPIConstants.swift */,
				5055C65D2A7294420018D1DC /* MarvelAPIService.swift */,
			);
			path = MarvelAPI;
			sourceTree = "<group>";
		};
		5055C64F2A7286280018D1DC /* Model */ = {
			isa = PBXGroup;
			children = (
				5055C6582A728B230018D1DC /* MarvelAPIModel */,
				5055C6502A7286430018D1DC /* MarvelCharacter.swift */,
				5055C6522A7286740018D1DC /* MarvelComic.swift */,
			);
			path = Model;
			sourceTree = "<group>";
		};
		5055C6582A728B230018D1DC /* MarvelAPIModel */ = {
			isa = PBXGroup;
			children = (
				5055C6592A728BA30018D1DC /* MarvelCharacter+API.swift */,
				5055C65B2A728BDA0018D1DC /* MarvelComic+API.swift */,
			);
			path = MarvelAPIModel;
			sourceTree = "<group>";
		};
		5055C6612A72B6A80018D1DC /* Views */ = {
			isa = PBXGroup;
			children = (
				5055C6642A72B73B0018D1DC /* CharacterListViewController.swift */,
				5055C6692A733CDA0018D1DC /* MarvelBlockingProgressView.swift */,
				5055C66C2A73C8370018D1DC /* CharacterDetailViewController.swift */,
				5055C66E2A73C8D10018D1DC /* MarvelComicView.swift */,
			);
			path = Views;
			sourceTree = "<group>";
		};
		5055C6662A72BD000018D1DC /* Custom */ = {
			isa = PBXGroup;
			children = (
				5055C6672A72BD1F0018D1DC /* CenteredTextFieldCell.swift */,
				5055C6742A73EB4B0018D1DC /* String+Marvel.swift */,
			);
			path = Custom;
			sourceTree = "<group>";
		};
		505C060F2A721D30007B229E = {
			isa = PBXGroup;
			children = (
				5055C66B2A735E2A0018D1DC /* MavelCharacters-Info.plist */,
				5055C6662A72BD000018D1DC /* Custom */,
				5055C6612A72B6A80018D1DC /* Views */,
				5055C64F2A7286280018D1DC /* Model */,
				5055C6422A7285C70018D1DC /* MarvelAPI */,
				5055C63F2A7284C70018D1DC /* MarvelViewModel */,
				505C061A2A721D30007B229E /* MarvelComicHeroes */,
				505C062C2A721D32007B229E /* MarvelComicHeroesTests */,
				505C06362A721D32007B229E /* MarvelComicHeroesUITests */,
				505C06192A721D30007B229E /* Products */,
			);
			sourceTree = "<group>";
		};
		505C06192A721D30007B229E /* Products */ = {
			isa = PBXGroup;
			children = (
				505C06182A721D30007B229E /* MavelCharacters.app */,
				505C06292A721D32007B229E /* MavelCharactersTests.xctest */,
				505C06332A721D32007B229E /* MavelCharactersUITests.xctest */,
			);
			name = Products;
			sourceTree = "<group>";
		};
		505C061A2A721D30007B229E /* MarvelComicHeroes */ = {
			isa = PBXGroup;
			children = (
				505C061B2A721D30007B229E /* AppDelegate.swift */,
				505C061F2A721D32007B229E /* Assets.xcassets */,
				505C06212A721D32007B229E /* Main.storyboard */,
				505C06242A721D32007B229E /* MarvelComicHeroes.entitlements */,
			);
			path = MarvelComicHeroes;
			sourceTree = "<group>";
		};
		505C062C2A721D32007B229E /* MarvelComicHeroesTests */ = {
			isa = PBXGroup;
			children = (
				505C062D2A721D32007B229E /* MarvelComicHeroesTests.swift */,
			);
			path = MarvelComicHeroesTests;
			sourceTree = "<group>";
		};
		505C06362A721D32007B229E /* MarvelComicHeroesUITests */ = {
			isa = PBXGroup;
			children = (
				505C06372A721D32007B229E /* MarvelComicHeroesUITests.swift */,
				505C06392A721D32007B229E /* MarvelComicHeroesUITestsLaunchTests.swift */,
			);
			path = MarvelComicHeroesUITests;
			sourceTree = "<group>";
		};
/* End PBXGroup section */

/* Begin PBXNativeTarget section */
		505C06172A721D30007B229E /* MavelCharacters */ = {
			isa = PBXNativeTarget;
			buildConfigurationList = 505C063D2A721D32007B229E /* Build configuration list for PBXNativeTarget "MavelCharacters" */;
			buildPhases = (
				505C06142A721D30007B229E /* Sources */,
				505C06152A721D30007B229E /* Frameworks */,
				505C06162A721D30007B229E /* Resources */,
			);
			buildRules = (
			);
			dependencies = (
			);
			name = MavelCharacters;
			packageProductDependencies = (
				5055C63A2A7281C30018D1DC /* AlamofireImage */,
				5055C63D2A7282220018D1DC /* CryptoSwift */,
			);
			productName = MarvelComicHeroes;
			productReference = 505C06182A721D30007B229E /* MavelCharacters.app */;
			productType = "com.apple.product-type.application";
		};
		505C06282A721D32007B229E /* MavelCharactersTests */ = {
			isa = PBXNativeTarget;
			buildConfigurationList = 505C06402A721D32007B229E /* Build configuration list for PBXNativeTarget "MavelCharactersTests" */;
			buildPhases = (
				505C06252A721D32007B229E /* Sources */,
				505C06262A721D32007B229E /* Frameworks */,
				505C06272A721D32007B229E /* Resources */,
			);
			buildRules = (
			);
			dependencies = (
				505C062B2A721D32007B229E /* PBXTargetDependency */,
			);
			name = MavelCharactersTests;
			productName = MarvelComicHeroesTests;
			productReference = 505C06292A721D32007B229E /* MavelCharactersTests.xctest */;
			productType = "com.apple.product-type.bundle.unit-test";
		};
		505C06322A721D32007B229E /* MavelCharactersUITests */ = {
			isa = PBXNativeTarget;
			buildConfigurationList = 505C06432A721D32007B229E /* Build configuration list for PBXNativeTarget "MavelCharactersUITests" */;
			buildPhases = (
				505C062F2A721D32007B229E /* Sources */,
				505C06302A721D32007B229E /* Frameworks */,
				505C06312A721D32007B229E /* Resources */,
			);
			buildRules = (
			);
			dependencies = (
				505C06352A721D32007B229E /* PBXTargetDependency */,
			);
			name = MavelCharactersUITests;
			productName = MarvelComicHeroesUITests;
			productReference = 505C06332A721D32007B229E /* MavelCharactersUITests.xctest */;
			productType = "com.apple.product-type.bundle.ui-testing";
		};
/* End PBXNativeTarget section */

/* Begin PBXProject section */
		505C06102A721D30007B229E /* Project object */ = {
			isa = PBXProject;
			attributes = {
				BuildIndependentTargetsInParallel = 1;
				LastSwiftUpdateCheck = 1430;
				LastUpgradeCheck = 1430;
				TargetAttributes = {
					505C06172A721D30007B229E = {
						CreatedOnToolsVersion = 14.3.1;
					};
					505C06282A721D32007B229E = {
						CreatedOnToolsVersion = 14.3.1;
						TestTargetID = 505C06172A721D30007B229E;
					};
					505C06322A721D32007B229E = {
						CreatedOnToolsVersion = 14.3.1;
						TestTargetID = 505C06172A721D30007B229E;
					};
				};
			};
			buildConfigurationList = 505C06132A721D30007B229E /* Build configuration list for PBXProject "MavelCharacters" */;
			compatibilityVersion = "Xcode 14.0";
			developmentRegion = en;
			hasScannedForEncodings = 0;
			knownRegions = (
				en,
				Base,
			);
			mainGroup = 505C060F2A721D30007B229E;
			packageReferences = (
				505C06482A728180007B229E /* XCRemoteSwiftPackageReference "Alamofire" */,
				5055C6392A7281C30018D1DC /* XCRemoteSwiftPackageReference "AlamofireImage" */,
				5055C63C2A7282220018D1DC /* XCRemoteSwiftPackageReference "CryptoSwift" */,
			);
			productRefGroup = 505C06192A721D30007B229E /* Products */;
			projectDirPath = "";
			projectRoot = "";
			targets = (
				505C06172A721D30007B229E /* MavelCharacters */,
				505C06282A721D32007B229E /* MavelCharactersTests */,
				505C06322A721D32007B229E /* MavelCharactersUITests */,
			);
		};
/* End PBXProject section */

/* Begin PBXResourcesBuildPhase section */
		505C06162A721D30007B229E /* Resources */ = {
			isa = PBXResourcesBuildPhase;
			buildActionMask = 2147483647;
			files = (
				505C06202A721D32007B229E /* Assets.xcassets in Resources */,
				505C06232A721D32007B229E /* Main.storyboard in Resources */,
			);
			runOnlyForDeploymentPostprocessing = 0;
		};
		505C06272A721D32007B229E /* Resources */ = {
			isa = PBXResourcesBuildPhase;
			buildActionMask = 2147483647;
			files = (
			);
			runOnlyForDeploymentPostprocessing = 0;
		};
		505C06312A721D32007B229E /* Resources */ = {
			isa = PBXResourcesBuildPhase;
			buildActionMask = 2147483647;
			files = (
			);
			runOnlyForDeploymentPostprocessing = 0;
		};
/* End PBXResourcesBuildPhase section */

/* Begin PBXSourcesBuildPhase section */
		505C06142A721D30007B229E /* Sources */ = {
			isa = PBXSourcesBuildPhase;
			buildActionMask = 2147483647;
			files = (
				5055C6652A72B73B0018D1DC /* CharacterListViewController.swift in Sources */,
				5055C6532A7286740018D1DC /* MarvelComic.swift in Sources */,
				5055C6752A73EB4B0018D1DC /* String+Marvel.swift in Sources */,
				5055C6572A7288FE0018D1DC /* MarvelAPIConstants.swift in Sources */,
				5055C66F2A73C8D10018D1DC /* MarvelComicView.swift in Sources */,
				5055C65E2A7294420018D1DC /* MarvelAPIService.swift in Sources */,
				5055C65A2A728BA30018D1DC /* MarvelCharacter+API.swift in Sources */,
				5055C6732A73E11E0018D1DC /* ViewModel.swift in Sources */,
				5055C6682A72BD1F0018D1DC /* CenteredTextFieldCell.swift in Sources */,
				5055C6712A73D5020018D1DC /* ComicListViewModel.swift in Sources */,
				5055C6552A7287DF0018D1DC /* MarvelAPIResponse.swift in Sources */,
				505C061C2A721D30007B229E /* AppDelegate.swift in Sources */,
				5055C66D2A73C8370018D1DC /* CharacterDetailViewController.swift in Sources */,
				5055C66A2A733CDA0018D1DC /* MarvelBlockingProgressView.swift in Sources */,
				5055C6512A7286430018D1DC /* MarvelCharacter.swift in Sources */,
				5055C6602A72ABEE0018D1DC /* CharacterListViewModel.swift in Sources */,
				5055C65C2A728BDA0018D1DC /* MarvelComic+API.swift in Sources */,
			);
			runOnlyForDeploymentPostprocessing = 0;
		};
		505C06252A721D32007B229E /* Sources */ = {
			isa = PBXSourcesBuildPhase;
			buildActionMask = 2147483647;
			files = (
				505C062E2A721D32007B229E /* MarvelComicHeroesTests.swift in Sources */,
			);
			runOnlyForDeploymentPostprocessing = 0;
		};
		505C062F2A721D32007B229E /* Sources */ = {
			isa = PBXSourcesBuildPhase;
			buildActionMask = 2147483647;
			files = (
				505C06382A721D32007B229E /* MarvelComicHeroesUITests.swift in Sources */,
				505C063A2A721D32007B229E /* MarvelComicHeroesUITestsLaunchTests.swift in Sources */,
			);
			runOnlyForDeploymentPostprocessing = 0;
		};
/* End PBXSourcesBuildPhase section */

/* Begin PBXTargetDependency section */
		505C062B2A721D32007B229E /* PBXTargetDependency */ = {
			isa = PBXTargetDependency;
			target = 505C06172A721D30007B229E /* MavelCharacters */;
			targetProxy = 505C062A2A721D32007B229E /* PBXContainerItemProxy */;
		};
		505C06352A721D32007B229E /* PBXTargetDependency */ = {
			isa = PBXTargetDependency;
			target = 505C06172A721D30007B229E /* MavelCharacters */;
			targetProxy = 505C06342A721D32007B229E /* PBXContainerItemProxy */;
		};
/* End PBXTargetDependency section */

/* Begin PBXVariantGroup section */
		505C06212A721D32007B229E /* Main.storyboard */ = {
			isa = PBXVariantGroup;
			children = (
				505C06222A721D32007B229E /* Base */,
			);
			name = Main.storyboard;
			sourceTree = "<group>";
		};
/* End PBXVariantGroup section */

/* Begin XCBuildConfiguration section */
		505C063B2A721D32007B229E /* Debug */ = {
			isa = XCBuildConfiguration;
			buildSettings = {
				ALWAYS_SEARCH_USER_PATHS = NO;
				CLANG_ANALYZER_NONNULL = YES;
				CLANG_ANALYZER_NUMBER_OBJECT_CONVERSION = YES_AGGRESSIVE;
				CLANG_CXX_LANGUAGE_STANDARD = "gnu++20";
				CLANG_ENABLE_MODULES = YES;
				CLANG_ENABLE_OBJC_ARC = YES;
				CLANG_ENABLE_OBJC_WEAK = YES;
				CLANG_WARN_BLOCK_CAPTURE_AUTORELEASING = YES;
				CLANG_WARN_BOOL_CONVERSION = YES;
				CLANG_WARN_COMMA = YES;
				CLANG_WARN_CONSTANT_CONVERSION = YES;
				CLANG_WARN_DEPRECATED_OBJC_IMPLEMENTATIONS = YES;
				CLANG_WARN_DIRECT_OBJC_ISA_USAGE = YES_ERROR;
				CLANG_WARN_DOCUMENTATION_COMMENTS = YES;
				CLANG_WARN_EMPTY_BODY = YES;
				CLANG_WARN_ENUM_CONVERSION = YES;
				CLANG_WARN_INFINITE_RECURSION = YES;
				CLANG_WARN_INT_CONVERSION = YES;
				CLANG_WARN_NON_LITERAL_NULL_CONVERSION = YES;
				CLANG_WARN_OBJC_IMPLICIT_RETAIN_SELF = YES;
				CLANG_WARN_OBJC_LITERAL_CONVERSION = YES;
				CLANG_WARN_OBJC_ROOT_CLASS = YES_ERROR;
				CLANG_WARN_QUOTED_INCLUDE_IN_FRAMEWORK_HEADER = YES;
				CLANG_WARN_RANGE_LOOP_ANALYSIS = YES;
				CLANG_WARN_STRICT_PROTOTYPES = YES;
				CLANG_WARN_SUSPICIOUS_MOVE = YES;
				CLANG_WARN_UNGUARDED_AVAILABILITY = YES_AGGRESSIVE;
				CLANG_WARN_UNREACHABLE_CODE = YES;
				CLANG_WARN__DUPLICATE_METHOD_MATCH = YES;
				COPY_PHASE_STRIP = NO;
				DEBUG_INFORMATION_FORMAT = dwarf;
				ENABLE_STRICT_OBJC_MSGSEND = YES;
				ENABLE_TESTABILITY = YES;
				GCC_C_LANGUAGE_STANDARD = gnu11;
				GCC_DYNAMIC_NO_PIC = NO;
				GCC_NO_COMMON_BLOCKS = YES;
				GCC_OPTIMIZATION_LEVEL = 0;
				GCC_PREPROCESSOR_DEFINITIONS = (
					"DEBUG=1",
					"$(inherited)",
				);
				GCC_WARN_64_TO_32_BIT_CONVERSION = YES;
				GCC_WARN_ABOUT_RETURN_TYPE = YES_ERROR;
				GCC_WARN_UNDECLARED_SELECTOR = YES;
				GCC_WARN_UNINITIALIZED_AUTOS = YES_AGGRESSIVE;
				GCC_WARN_UNUSED_FUNCTION = YES;
				GCC_WARN_UNUSED_VARIABLE = YES;
				MACOSX_DEPLOYMENT_TARGET = 12.0;
				MTL_ENABLE_DEBUG_INFO = INCLUDE_SOURCE;
				MTL_FAST_MATH = YES;
				ONLY_ACTIVE_ARCH = YES;
				SDKROOT = macosx;
				SWIFT_ACTIVE_COMPILATION_CONDITIONS = DEBUG;
				SWIFT_OPTIMIZATION_LEVEL = "-Onone";
			};
			name = Debug;
		};
		505C063C2A721D32007B229E /* Release */ = {
			isa = XCBuildConfiguration;
			buildSettings = {
				ALWAYS_SEARCH_USER_PATHS = NO;
				CLANG_ANALYZER_NONNULL = YES;
				CLANG_ANALYZER_NUMBER_OBJECT_CONVERSION = YES_AGGRESSIVE;
				CLANG_CXX_LANGUAGE_STANDARD = "gnu++20";
				CLANG_ENABLE_MODULES = YES;
				CLANG_ENABLE_OBJC_ARC = YES;
				CLANG_ENABLE_OBJC_WEAK = YES;
				CLANG_WARN_BLOCK_CAPTURE_AUTORELEASING = YES;
				CLANG_WARN_BOOL_CONVERSION = YES;
				CLANG_WARN_COMMA = YES;
				CLANG_WARN_CONSTANT_CONVERSION = YES;
				CLANG_WARN_DEPRECATED_OBJC_IMPLEMENTATIONS = YES;
				CLANG_WARN_DIRECT_OBJC_ISA_USAGE = YES_ERROR;
				CLANG_WARN_DOCUMENTATION_COMMENTS = YES;
				CLANG_WARN_EMPTY_BODY = YES;
				CLANG_WARN_ENUM_CONVERSION = YES;
				CLANG_WARN_INFINITE_RECURSION = YES;
				CLANG_WARN_INT_CONVERSION = YES;
				CLANG_WARN_NON_LITERAL_NULL_CONVERSION = YES;
				CLANG_WARN_OBJC_IMPLICIT_RETAIN_SELF = YES;
				CLANG_WARN_OBJC_LITERAL_CONVERSION = YES;
				CLANG_WARN_OBJC_ROOT_CLASS = YES_ERROR;
				CLANG_WARN_QUOTED_INCLUDE_IN_FRAMEWORK_HEADER = YES;
				CLANG_WARN_RANGE_LOOP_ANALYSIS = YES;
				CLANG_WARN_STRICT_PROTOTYPES = YES;
				CLANG_WARN_SUSPICIOUS_MOVE = YES;
				CLANG_WARN_UNGUARDED_AVAILABILITY = YES_AGGRESSIVE;
				CLANG_WARN_UNREACHABLE_CODE = YES;
				CLANG_WARN__DUPLICATE_METHOD_MATCH = YES;
				COPY_PHASE_STRIP = NO;
				DEBUG_INFORMATION_FORMAT = "dwarf-with-dsym";
				ENABLE_NS_ASSERTIONS = NO;
				ENABLE_STRICT_OBJC_MSGSEND = YES;
				GCC_C_LANGUAGE_STANDARD = gnu11;
				GCC_NO_COMMON_BLOCKS = YES;
				GCC_WARN_64_TO_32_BIT_CONVERSION = YES;
				GCC_WARN_ABOUT_RETURN_TYPE = YES_ERROR;
				GCC_WARN_UNDECLARED_SELECTOR = YES;
				GCC_WARN_UNINITIALIZED_AUTOS = YES_AGGRESSIVE;
				GCC_WARN_UNUSED_FUNCTION = YES;
				GCC_WARN_UNUSED_VARIABLE = YES;
				MACOSX_DEPLOYMENT_TARGET = 12.0;
				MTL_ENABLE_DEBUG_INFO = NO;
				MTL_FAST_MATH = YES;
				SDKROOT = macosx;
				SWIFT_COMPILATION_MODE = wholemodule;
				SWIFT_OPTIMIZATION_LEVEL = "-O";
			};
			name = Release;
		};
		505C063E2A721D32007B229E /* Debug */ = {
			isa = XCBuildConfiguration;
			buildSettings = {
				ASSETCATALOG_COMPILER_APPICON_NAME = AppIcon;
				ASSETCATALOG_COMPILER_GLOBAL_ACCENT_COLOR_NAME = AccentColor;
				CODE_SIGN_ENTITLEMENTS = MarvelComicHeroes/MarvelComicHeroes.entitlements;
				CODE_SIGN_STYLE = Automatic;
				COMBINE_HIDPI_IMAGES = YES;
				CURRENT_PROJECT_VERSION = 1;
				GENERATE_INFOPLIST_FILE = YES;
				INFOPLIST_FILE = "MavelCharacters-Info.plist";
				INFOPLIST_KEY_NSHumanReadableCopyright = "";
				INFOPLIST_KEY_NSMainStoryboardFile = Main;
				INFOPLIST_KEY_NSPrincipalClass = NSApplication;
				LD_RUNPATH_SEARCH_PATHS = (
					"$(inherited)",
					"@executable_path/../Frameworks",
				);
				MACOSX_DEPLOYMENT_TARGET = 12.0;
				MARKETING_VERSION = 1.0;
				PRODUCT_BUNDLE_IDENTIFIER = com.marvelapi.MarvelComicHeroes;
				PRODUCT_NAME = "$(TARGET_NAME)";
				SWIFT_EMIT_LOC_STRINGS = YES;
				SWIFT_VERSION = 5.0;
			};
			name = Debug;
		};
		505C063F2A721D32007B229E /* Release */ = {
			isa = XCBuildConfiguration;
			buildSettings = {
				ASSETCATALOG_COMPILER_APPICON_NAME = AppIcon;
				ASSETCATALOG_COMPILER_GLOBAL_ACCENT_COLOR_NAME = AccentColor;
				CODE_SIGN_ENTITLEMENTS = MarvelComicHeroes/MarvelComicHeroes.entitlements;
				CODE_SIGN_STYLE = Automatic;
				COMBINE_HIDPI_IMAGES = YES;
				CURRENT_PROJECT_VERSION = 1;
				GENERATE_INFOPLIST_FILE = YES;
				INFOPLIST_FILE = "MavelCharacters-Info.plist";
				INFOPLIST_KEY_NSHumanReadableCopyright = "";
				INFOPLIST_KEY_NSMainStoryboardFile = Main;
				INFOPLIST_KEY_NSPrincipalClass = NSApplication;
				LD_RUNPATH_SEARCH_PATHS = (
					"$(inherited)",
					"@executable_path/../Frameworks",
				);
				MACOSX_DEPLOYMENT_TARGET = 12.0;
				MARKETING_VERSION = 1.0;
				PRODUCT_BUNDLE_IDENTIFIER = com.marvelapi.MarvelComicHeroes;
				PRODUCT_NAME = "$(TARGET_NAME)";
				SWIFT_EMIT_LOC_STRINGS = YES;
				SWIFT_VERSION = 5.0;
			};
			name = Release;
		};
		505C06412A721D32007B229E /* Debug */ = {
			isa = XCBuildConfiguration;
			buildSettings = {
				ALWAYS_EMBED_SWIFT_STANDARD_LIBRARIES = YES;
				BUNDLE_LOADER = "$(TEST_HOST)";
				CODE_SIGN_STYLE = Automatic;
				CURRENT_PROJECT_VERSION = 1;
				GENERATE_INFOPLIST_FILE = YES;
				MACOSX_DEPLOYMENT_TARGET = 13.2;
				MARKETING_VERSION = 1.0;
				PRODUCT_BUNDLE_IDENTIFIER = com.marvelapi.MarvelComicHeroesTests;
				PRODUCT_NAME = "$(TARGET_NAME)";
				SWIFT_EMIT_LOC_STRINGS = NO;
				SWIFT_VERSION = 5.0;
				TEST_HOST = "$(BUILT_PRODUCTS_DIR)/MavelCharacters.app/$(BUNDLE_EXECUTABLE_FOLDER_PATH)/MavelCharacters";
			};
			name = Debug;
		};
		505C06422A721D32007B229E /* Release */ = {
			isa = XCBuildConfiguration;
			buildSettings = {
				ALWAYS_EMBED_SWIFT_STANDARD_LIBRARIES = YES;
				BUNDLE_LOADER = "$(TEST_HOST)";
				CODE_SIGN_STYLE = Automatic;
				CURRENT_PROJECT_VERSION = 1;
				GENERATE_INFOPLIST_FILE = YES;
				MACOSX_DEPLOYMENT_TARGET = 13.2;
				MARKETING_VERSION = 1.0;
				PRODUCT_BUNDLE_IDENTIFIER = com.marvelapi.MarvelComicHeroesTests;
				PRODUCT_NAME = "$(TARGET_NAME)";
				SWIFT_EMIT_LOC_STRINGS = NO;
				SWIFT_VERSION = 5.0;
				TEST_HOST = "$(BUILT_PRODUCTS_DIR)/MavelCharacters.app/$(BUNDLE_EXECUTABLE_FOLDER_PATH)/MavelCharacters";
			};
			name = Release;
		};
		505C06442A721D32007B229E /* Debug */ = {
			isa = XCBuildConfiguration;
			buildSettings = {
				ALWAYS_EMBED_SWIFT_STANDARD_LIBRARIES = YES;
				CODE_SIGN_STYLE = Automatic;
				CURRENT_PROJECT_VERSION = 1;
				GENERATE_INFOPLIST_FILE = YES;
				MARKETING_VERSION = 1.0;
				PRODUCT_BUNDLE_IDENTIFIER = com.marvelapi.MarvelComicHeroesUITests;
				PRODUCT_NAME = "$(TARGET_NAME)";
				SWIFT_EMIT_LOC_STRINGS = NO;
				SWIFT_VERSION = 5.0;
				TEST_TARGET_NAME = MarvelComicHeroes;
			};
			name = Debug;
		};
		505C06452A721D32007B229E /* Release */ = {
			isa = XCBuildConfiguration;
			buildSettings = {
				ALWAYS_EMBED_SWIFT_STANDARD_LIBRARIES = YES;
				CODE_SIGN_STYLE = Automatic;
				CURRENT_PROJECT_VERSION = 1;
				GENERATE_INFOPLIST_FILE = YES;
				MARKETING_VERSION = 1.0;
				PRODUCT_BUNDLE_IDENTIFIER = com.marvelapi.MarvelComicHeroesUITests;
				PRODUCT_NAME = "$(TARGET_NAME)";
				SWIFT_EMIT_LOC_STRINGS = NO;
				SWIFT_VERSION = 5.0;
				TEST_TARGET_NAME = MarvelComicHeroes;
			};
			name = Release;
		};
/* End XCBuildConfiguration section */

/* Begin XCConfigurationList section */
		505C06132A721D30007B229E /* Build configuration list for PBXProject "MavelCharacters" */ = {
			isa = XCConfigurationList;
			buildConfigurations = (
				505C063B2A721D32007B229E /* Debug */,
				505C063C2A721D32007B229E /* Release */,
			);
			defaultConfigurationIsVisible = 0;
			defaultConfigurationName = Release;
		};
		505C063D2A721D32007B229E /* Build configuration list for PBXNativeTarget "MavelCharacters" */ = {
			isa = XCConfigurationList;
			buildConfigurations = (
				505C063E2A721D32007B229E /* Debug */,
				505C063F2A721D32007B229E /* Release */,
			);
			defaultConfigurationIsVisible = 0;
			defaultConfigurationName = Release;
		};
		505C06402A721D32007B229E /* Build configuration list for PBXNativeTarget "MavelCharactersTests" */ = {
			isa = XCConfigurationList;
			buildConfigurations = (
				505C06412A721D32007B229E /* Debug */,
				505C06422A721D32007B229E /* Release */,
			);
			defaultConfigurationIsVisible = 0;
			defaultConfigurationName = Release;
		};
		505C06432A721D32007B229E /* Build configuration list for PBXNativeTarget "MavelCharactersUITests" */ = {
			isa = XCConfigurationList;
			buildConfigurations = (
				505C06442A721D32007B229E /* Debug */,
				505C06452A721D32007B229E /* Release */,
			);
			defaultConfigurationIsVisible = 0;
			defaultConfigurationName = Release;
		};
/* End XCConfigurationList section */

/* Begin XCRemoteSwiftPackageReference section */
		5055C6392A7281C30018D1DC /* XCRemoteSwiftPackageReference "AlamofireImage" */ = {
			isa = XCRemoteSwiftPackageReference;
			repositoryURL = "https://github.com/Alamofire/AlamofireImage.git";
			requirement = {
				kind = upToNextMajorVersion;
				minimumVersion = 4.2.0;
			};
		};
		5055C63C2A7282220018D1DC /* XCRemoteSwiftPackageReference "CryptoSwift" */ = {
			isa = XCRemoteSwiftPackageReference;
			repositoryURL = "https://github.com/krzyzanowskim/CryptoSwift";
			requirement = {
				kind = upToNextMajorVersion;
				minimumVersion = 1.0.0;
			};
		};
		505C06482A728180007B229E /* XCRemoteSwiftPackageReference "Alamofire" */ = {
			isa = XCRemoteSwiftPackageReference;
			repositoryURL = "https://github.com/Alamofire/Alamofire";
			requirement = {
				kind = upToNextMajorVersion;
				minimumVersion = 5.6.4;
			};
		};
/* End XCRemoteSwiftPackageReference section */

/* Begin XCSwiftPackageProductDependency section */
		5055C63A2A7281C30018D1DC /* AlamofireImage */ = {
			isa = XCSwiftPackageProductDependency;
			package = 5055C6392A7281C30018D1DC /* XCRemoteSwiftPackageReference "AlamofireImage" */;
			productName = AlamofireImage;
		};
		5055C63D2A7282220018D1DC /* CryptoSwift */ = {
			isa = XCSwiftPackageProductDependency;
			package = 5055C63C2A7282220018D1DC /* XCRemoteSwiftPackageReference "CryptoSwift" */;
			productName = CryptoSwift;
		};
/* End XCSwiftPackageProductDependency section */
	};
	rootObject = 505C06102A721D30007B229E /* Project object */;
}
